
Microsoft Visual Studio Solution File, Format Version 12.00
# Visual Studio Version 17
VisualStudioVersion = 17.13.35931.197 d17.13
MinimumVisualStudioVersion = 10.0.40219.1
Project("{FAE04EC0-301F-11D3-BF4B-00C04F79EFBC}") = "04_Vetores", "04_Vetores.csproj", "{667D7E10-DC5C-4B45-BE16-E6B4E060C674}"
EndProject
Global
	GlobalSection(SolutionConfigurationPlatforms) = preSolution
		Debug|Any CPU = Debug|Any CPU
		Release|Any CPU = Release|Any CPU
	EndGlobalSection
	GlobalSection(ProjectConfigurationPlatforms) = postSolution
		{667D7E10-DC5C-4B45-BE16-E6B4E060C674}.Debug|Any CPU.ActiveCfg = Debug|Any CPU
		{667D7E10-DC5C-4B45-BE16-E6B4E060C674}.Debug|Any CPU.Build.0 = Debug|Any CPU
		{667D7E10-DC5C-4B45-BE16-E6B4E060C674}.Release|Any CPU.ActiveCfg = Release|Any CPU
		{667D7E10-DC5C-4B45-BE16-E6B4E060C674}.Release|Any CPU.Build.0 = Release|Any CPU
	EndGlobalSection
	GlobalSection(SolutionProperties) = preSolution
		HideSolutionNode = FALSE
	EndGlobalSection
	GlobalSection(ExtensibilityGlobals) = postSolution
		SolutionGuid = {888318AB-5849-44B2-B61C-491718634B4F}
	EndGlobalSection
EndGlobal
